github.com/gohugoio/hugo-mod-bootstrap-scss/v5 v5.20300.20200 h1:SmpwwN3DNzJWbV+IT8gaFu07ENUFpCvKou5BHYUKuVs=
github.com/gohugoio/hugo-mod-bootstrap-scss/v5 v5.20300.20200/go.mod h1:kx8MBj9T7SFR8ZClWvKZPmmUxBaltkoXvnWlZZcSnYA=
github.com/gohugoio/hugo-mod-jslibs-dist/popperjs/v2 v2.21100.20000 h1:GZxx4Hc+yb0/t3/rau1j8XlAxLE4CyXns2fqQbyqWfs=
github.com/gohugoio/hugo-mod-jslibs-dist/popperjs/v2 v2.21100.20000/go.mod h1:mFberT6ZtcchrsDtfvJM7aAH2bDKLdOnruUHl0hlapI=
github.com/hbstack/hb v0.16.0 h1:k5SLF8zmGb8M5UWJwTjWi8/EuiKZ+7gQbP2qRcWYdr0=
github.com/hbstack/hb v0.16.0/go.mod h1:FJilVCHtkVpfXZT+Ii2OFCVeu9wQh/YGgRMuPKX5ycA=
github.com/hugomods/base v0.7.2 h1:SShNl7koN79CEUdGQ65Knbf/c2k+bE+El5ManYWd8Cg=
github.com/hugomods/base v0.7.2/go.mod h1:hnWCPbVxuhXBwdFax3mmbMlWKmIo/7OP36MCLOyHtT4=
github.com/hugomods/cookies v0.1.0 h1:kFhCT8IVcQs+CBOy6imnQu37zQgP/Sx3VKnqBVCVC0Y=
github.com/hugomods/cookies v0.1.0/go.mod h1:VeB+SljM9zsF/yzwolmVy7y7yDFyDlmDRdelE1Aw6Bg=
github.com/hugomods/hugopress v0.5.0 h1:eQHg1aKnc5StGFnV5H0BORhE0UmHYpaWHnX9QNseHrw=
github.com/hugomods/hugopress v0.5.0/go.mod h1:CRYvr60xOkZOf4Atkuj+uEj2EH5pjJ39Ws3aJAkoMkA=
github.com/twbs/bootstrap v5.3.2+incompatible/go.mod h1:fZTSrkpSf0/HkL0IIJzvVspTt1r9zuf7XlZau8kpcY0=
github.com/twbs/bootstrap v5.3.3+incompatible h1:goFoqinzdHfkeegpFP7pvhbd0g+A3O2hbU3XCjuNrEQ=
github.com/twbs/bootstrap v5.3.3+incompatible/go.mod h1:fZTSrkpSf0/HkL0IIJzvVspTt1r9zuf7XlZau8kpcY0=
